
Microsoft Visual Studio Solution File, Format Version 12.00
# Visual Studio 14
VisualStudioVersion = 14.0.25420.1
MinimumVisualStudioVersion = 10.0.40219.1
Project("{2150E333-8FDC-42A3-9474-1A3956D46DE8}") = "src", "src", "{AE37E1DA-5619-45C0-A086-2F2619503BCA}"
EndProject
Project("{2150E333-8FDC-42A3-9474-1A3956D46DE8}") = "Solution Items", "Solution Items", "{2859812B-6D27-4A85-AC4A-8D3A55D9E3CD}"
	ProjectSection(SolutionItems) = preProject
		global.json = global.json
		Licence = Licence
		README.md = README.md
		TODO.txt = TODO.txt
	EndProjectSection
EndProject
Project("{8BB2217D-0F2D-49D1-97BC-3654ED321F3B}") = "ExtendedXmlSerializer", "src\ExtendedXmlSerializer\ExtendedXmlSerializer.xproj", "{474C8CF3-1FBB-4507-9156-D5DC153F4EB8}"
EndProject
Project("{2150E333-8FDC-42A3-9474-1A3956D46DE8}") = "test", "test", "{EBF1CB73-BE8A-4E00-A964-1A3E59503A52}"
EndProject
Project("{8BB2217D-0F2D-49D1-97BC-3654ED321F3B}") = "ExtendedXmlSerializerTest", "test\ExtendedXmlSerializerTest\ExtendedXmlSerializerTest.xproj", "{5FF229B9-4E79-4C1B-B8B4-0ED5AD2823D3}"
EndProject
Project("{8BB2217D-0F2D-49D1-97BC-3654ED321F3B}") = "ExtendedXmlSerializer.Autofac", "src\ExtendedXmlSerializer.Autofac\ExtendedXmlSerializer.Autofac.xproj", "{7A2DEB5A-9EF2-4029-808A-D62473F30257}"
EndProject
Project("{2150E333-8FDC-42A3-9474-1A3956D46DE8}") = "samples", "samples", "{A789F6C4-91DE-47A0-BD7E-E59562409BE7}"
EndProject
Project("{8BB2217D-0F2D-49D1-97BC-3654ED321F3B}") = "ExtendedXmlSerializer.Samples", "samples\ExtendedXmlSerializer.Samples\ExtendedXmlSerializer.Samples.xproj", "{426AF10E-B683-44C4-9849-FF8E14D3A3AD}"
EndProject
Project("{8BB2217D-0F2D-49D1-97BC-3654ED321F3B}") = "ExtendedXmlSerializer.AspCore.Samples", "samples\ExtendedXmlSerializer.AspCore.Samples\ExtendedXmlSerializer.AspCore.Samples.xproj", "{2BA71BBD-69FC-4477-A08B-F42DA5840F73}"
EndProject
Project("{8BB2217D-0F2D-49D1-97BC-3654ED321F3B}") = "ExtendedXmlSerializer.WebApi", "src\ExtendedXmlSerializer.WebApi\ExtendedXmlSerializer.WebApi.xproj", "{DC9019A7-4E8C-4C9B-8096-6FC5DA02CBCD}"
EndProject
Project("{8BB2217D-0F2D-49D1-97BC-3654ED321F3B}") = "ExtendedXmlSerializer.AspCore", "src\ExtendedXmlSerializer.AspCore\ExtendedXmlSerializer.AspCore.xproj", "{CAD86947-AF5F-4AAC-A334-0218DA106545}"
EndProject
Project("{8BB2217D-0F2D-49D1-97BC-3654ED321F3B}") = "ExtendedXmlSerializer.Performance.Tests", "test\ExtendedXmlSerializer.Performance.Tests\ExtendedXmlSerializer.Performance.Tests.xproj", "{CFFDB849-45FE-4D38-BE40-6F015BEC8BCB}"
EndProject
Global
	GlobalSection(SolutionConfigurationPlatforms) = preSolution
		Debug|Any CPU = Debug|Any CPU
		Release|Any CPU = Release|Any CPU
	EndGlobalSection
	GlobalSection(ProjectConfigurationPlatforms) = postSolution
		{474C8CF3-1FBB-4507-9156-D5DC153F4EB8}.Debug|Any CPU.ActiveCfg = Debug|Any CPU
		{474C8CF3-1FBB-4507-9156-D5DC153F4EB8}.Debug|Any CPU.Build.0 = Debug|Any CPU
		{474C8CF3-1FBB-4507-9156-D5DC153F4EB8}.Release|Any CPU.ActiveCfg = Release|Any CPU
		{474C8CF3-1FBB-4507-9156-D5DC153F4EB8}.Release|Any CPU.Build.0 = Release|Any CPU
		{5FF229B9-4E79-4C1B-B8B4-0ED5AD2823D3}.Debug|Any CPU.ActiveCfg = Debug|Any CPU
		{5FF229B9-4E79-4C1B-B8B4-0ED5AD2823D3}.Debug|Any CPU.Build.0 = Debug|Any CPU
		{5FF229B9-4E79-4C1B-B8B4-0ED5AD2823D3}.Release|Any CPU.ActiveCfg = Release|Any CPU
		{5FF229B9-4E79-4C1B-B8B4-0ED5AD2823D3}.Release|Any CPU.Build.0 = Release|Any CPU
		{7A2DEB5A-9EF2-4029-808A-D62473F30257}.Debug|Any CPU.ActiveCfg = Debug|Any CPU
		{7A2DEB5A-9EF2-4029-808A-D62473F30257}.Debug|Any CPU.Build.0 = Debug|Any CPU
		{7A2DEB5A-9EF2-4029-808A-D62473F30257}.Release|Any CPU.ActiveCfg = Release|Any CPU
		{7A2DEB5A-9EF2-4029-808A-D62473F30257}.Release|Any CPU.Build.0 = Release|Any CPU
		{426AF10E-B683-44C4-9849-FF8E14D3A3AD}.Debug|Any CPU.ActiveCfg = Debug|Any CPU
		{426AF10E-B683-44C4-9849-FF8E14D3A3AD}.Debug|Any CPU.Build.0 = Debug|Any CPU
		{426AF10E-B683-44C4-9849-FF8E14D3A3AD}.Release|Any CPU.ActiveCfg = Release|Any CPU
		{426AF10E-B683-44C4-9849-FF8E14D3A3AD}.Release|Any CPU.Build.0 = Release|Any CPU
		{2BA71BBD-69FC-4477-A08B-F42DA5840F73}.Debug|Any CPU.ActiveCfg = Debug|Any CPU
		{2BA71BBD-69FC-4477-A08B-F42DA5840F73}.Debug|Any CPU.Build.0 = Debug|Any CPU
		{2BA71BBD-69FC-4477-A08B-F42DA5840F73}.Release|Any CPU.ActiveCfg = Release|Any CPU
		{2BA71BBD-69FC-4477-A08B-F42DA5840F73}.Release|Any CPU.Build.0 = Release|Any CPU
		{DC9019A7-4E8C-4C9B-8096-6FC5DA02CBCD}.Debug|Any CPU.ActiveCfg = Debug|Any CPU
		{DC9019A7-4E8C-4C9B-8096-6FC5DA02CBCD}.Debug|Any CPU.Build.0 = Debug|Any CPU
		{DC9019A7-4E8C-4C9B-8096-6FC5DA02CBCD}.Release|Any CPU.ActiveCfg = Release|Any CPU
		{DC9019A7-4E8C-4C9B-8096-6FC5DA02CBCD}.Release|Any CPU.Build.0 = Release|Any CPU
		{CAD86947-AF5F-4AAC-A334-0218DA106545}.Debug|Any CPU.ActiveCfg = Debug|Any CPU
		{CAD86947-AF5F-4AAC-A334-0218DA106545}.Debug|Any CPU.Build.0 = Debug|Any CPU
		{CAD86947-AF5F-4AAC-A334-0218DA106545}.Release|Any CPU.ActiveCfg = Release|Any CPU
		{CAD86947-AF5F-4AAC-A334-0218DA106545}.Release|Any CPU.Build.0 = Release|Any CPU
		{CFFDB849-45FE-4D38-BE40-6F015BEC8BCB}.Debug|Any CPU.ActiveCfg = Debug|Any CPU
		{CFFDB849-45FE-4D38-BE40-6F015BEC8BCB}.Debug|Any CPU.Build.0 = Debug|Any CPU
		{CFFDB849-45FE-4D38-BE40-6F015BEC8BCB}.Release|Any CPU.ActiveCfg = Release|Any CPU
		{CFFDB849-45FE-4D38-BE40-6F015BEC8BCB}.Release|Any CPU.Build.0 = Release|Any CPU
	EndGlobalSection
	GlobalSection(SolutionProperties) = preSolution
		HideSolutionNode = FALSE
	EndGlobalSection
	GlobalSection(NestedProjects) = preSolution
		{474C8CF3-1FBB-4507-9156-D5DC153F4EB8} = {AE37E1DA-5619-45C0-A086-2F2619503BCA}
		{5FF229B9-4E79-4C1B-B8B4-0ED5AD2823D3} = {EBF1CB73-BE8A-4E00-A964-1A3E59503A52}
		{7A2DEB5A-9EF2-4029-808A-D62473F30257} = {AE37E1DA-5619-45C0-A086-2F2619503BCA}
		{426AF10E-B683-44C4-9849-FF8E14D3A3AD} = {A789F6C4-91DE-47A0-BD7E-E59562409BE7}
		{2BA71BBD-69FC-4477-A08B-F42DA5840F73} = {A789F6C4-91DE-47A0-BD7E-E59562409BE7}
		{DC9019A7-4E8C-4C9B-8096-6FC5DA02CBCD} = {AE37E1DA-5619-45C0-A086-2F2619503BCA}
		{CAD86947-AF5F-4AAC-A334-0218DA106545} = {AE37E1DA-5619-45C0-A086-2F2619503BCA}
		{CFFDB849-45FE-4D38-BE40-6F015BEC8BCB} = {EBF1CB73-BE8A-4E00-A964-1A3E59503A52}
	EndGlobalSection
EndGlobal
