
Microsoft Visual Studio Solution File, Format Version 12.00
# Visual Studio 14
VisualStudioVersion = 14.0.25420.1
MinimumVisualStudioVersion = 10.0.40219.1
Project("{2150E333-8FDC-42A3-9474-1A3956D46DE8}") = "src", "src", "{AE37E1DA-5619-45C0-A086-2F2619503BCA}"
EndProject
Project("{2150E333-8FDC-42A3-9474-1A3956D46DE8}") = "Solution Items", "Solution Items", "{2859812B-6D27-4A85-AC4A-8D3A55D9E3CD}"
	ProjectSection(SolutionItems) = preProject
		global.json = global.json
		Licence = Licence
	EndProjectSection
EndProject
Project("{8BB2217D-0F2D-49D1-97BC-3654ED321F3B}") = "ExtendedXmlSerializer", "src\ExtendedXmlSerializer\ExtendedXmlSerializer.xproj", "{474C8CF3-1FBB-4507-9156-D5DC153F4EB8}"
EndProject
Project("{2150E333-8FDC-42A3-9474-1A3956D46DE8}") = "test", "test", "{EBF1CB73-BE8A-4E00-A964-1A3E59503A52}"
EndProject
Project("{2150E333-8FDC-42A3-9474-1A3956D46DE8}") = "samples", "samples", "{A789F6C4-91DE-47A0-BD7E-E59562409BE7}"
EndProject
Project("{8BB2217D-0F2D-49D1-97BC-3654ED321F3B}") = "ExtendedXmlSerializer.Samples", "samples\ExtendedXmlSerializer.Samples\ExtendedXmlSerializer.Samples.xproj", "{426AF10E-B683-44C4-9849-FF8E14D3A3AD}"
EndProject
Project("{8BB2217D-0F2D-49D1-97BC-3654ED321F3B}") = "ExtendedXmlSerializer.Legacy", "src\ExtendedXmlSerializer.Legacy\ExtendedXmlSerializer.Legacy.xproj", "{0ED3FC9D-7372-4828-AC1B-30DA740FCFC2}"
EndProject
Project("{8BB2217D-0F2D-49D1-97BC-3654ED321F3B}") = "ExtendedXmlSerializer.Tests.Legacy", "test\ExtendedXmlSerializer.Tests.Legacy\ExtendedXmlSerializer.Tests.Legacy.xproj", "{C3310F48-748F-4808-8AEC-1FEE09BFFE8E}"
EndProject
Project("{8BB2217D-0F2D-49D1-97BC-3654ED321F3B}") = "ExtendedXmlSerializer.Tests.Performance", "test\ExtendedXmlSerializer.Tests.Performance\ExtendedXmlSerializer.Tests.Performance.xproj", "{CFFDB849-45FE-4D38-BE40-6F015BEC8BCB}"
EndProject
Project("{8BB2217D-0F2D-49D1-97BC-3654ED321F3B}") = "ExtendedXmlSerializer.Tests", "test\ExtendedXmlSerializer.Tests\ExtendedXmlSerializer.Tests.xproj", "{5FF229B9-4E79-4C1B-B8B4-0ED5AD2823D3}"
EndProject
Project("{2150E333-8FDC-42A3-9474-1A3956D46DE8}") = "docGenerator", "docGenerator", "{C90F6D79-DAD5-47F4-9638-23F9941C1C86}"
EndProject
Project("{7CF6DF6D-3B04-46F8-A40B-537D21BCA0B4}") = "ExtendedXmlSerializer.Documentation", "docGenerator\ExtendedXmlSerializer.Documentation\ExtendedXmlSerializer.Documentation.shfbproj", "{87D0B2DD-15F1-4B62-878E-85A665E2D051}"
EndProject
Project("{2150E333-8FDC-42A3-9474-1A3956D46DE8}") = "docs", "docs", "{85C5AA66-2D86-43DB-80EE-D48836C0B79C}"
EndProject
Project("{FAE04EC0-301F-11D3-BF4B-00C04F79EFBC}") = "ExtendedXmlSerializer.DocGenerator", "docGenerator\ExtendedXmlSerializer.DocGenerator\ExtendedXmlSerializer.DocGenerator.csproj", "{FA14BF96-6303-4F74-8C5F-0C450FEBE72D}"
EndProject
Global
	GlobalSection(SolutionConfigurationPlatforms) = preSolution
		Debug|Any CPU = Debug|Any CPU
		Release|Any CPU = Release|Any CPU
	EndGlobalSection
	GlobalSection(ProjectConfigurationPlatforms) = postSolution
		{474C8CF3-1FBB-4507-9156-D5DC153F4EB8}.Debug|Any CPU.ActiveCfg = Debug|Any CPU
		{474C8CF3-1FBB-4507-9156-D5DC153F4EB8}.Debug|Any CPU.Build.0 = Debug|Any CPU
		{474C8CF3-1FBB-4507-9156-D5DC153F4EB8}.Release|Any CPU.ActiveCfg = Release|Any CPU
		{474C8CF3-1FBB-4507-9156-D5DC153F4EB8}.Release|Any CPU.Build.0 = Release|Any CPU
		{426AF10E-B683-44C4-9849-FF8E14D3A3AD}.Debug|Any CPU.ActiveCfg = Debug|Any CPU
		{426AF10E-B683-44C4-9849-FF8E14D3A3AD}.Debug|Any CPU.Build.0 = Debug|Any CPU
		{426AF10E-B683-44C4-9849-FF8E14D3A3AD}.Release|Any CPU.ActiveCfg = Release|Any CPU
		{426AF10E-B683-44C4-9849-FF8E14D3A3AD}.Release|Any CPU.Build.0 = Release|Any CPU
		{0ED3FC9D-7372-4828-AC1B-30DA740FCFC2}.Debug|Any CPU.ActiveCfg = Debug|Any CPU
		{0ED3FC9D-7372-4828-AC1B-30DA740FCFC2}.Debug|Any CPU.Build.0 = Debug|Any CPU
		{0ED3FC9D-7372-4828-AC1B-30DA740FCFC2}.Release|Any CPU.ActiveCfg = Release|Any CPU
		{0ED3FC9D-7372-4828-AC1B-30DA740FCFC2}.Release|Any CPU.Build.0 = Release|Any CPU
		{C3310F48-748F-4808-8AEC-1FEE09BFFE8E}.Debug|Any CPU.ActiveCfg = Debug|Any CPU
		{C3310F48-748F-4808-8AEC-1FEE09BFFE8E}.Debug|Any CPU.Build.0 = Debug|Any CPU
		{C3310F48-748F-4808-8AEC-1FEE09BFFE8E}.Release|Any CPU.ActiveCfg = Release|Any CPU
		{C3310F48-748F-4808-8AEC-1FEE09BFFE8E}.Release|Any CPU.Build.0 = Release|Any CPU
		{CFFDB849-45FE-4D38-BE40-6F015BEC8BCB}.Debug|Any CPU.ActiveCfg = Debug|Any CPU
		{CFFDB849-45FE-4D38-BE40-6F015BEC8BCB}.Debug|Any CPU.Build.0 = Debug|Any CPU
		{CFFDB849-45FE-4D38-BE40-6F015BEC8BCB}.Release|Any CPU.ActiveCfg = Release|Any CPU
		{CFFDB849-45FE-4D38-BE40-6F015BEC8BCB}.Release|Any CPU.Build.0 = Release|Any CPU
		{5FF229B9-4E79-4C1B-B8B4-0ED5AD2823D3}.Debug|Any CPU.ActiveCfg = Debug|Any CPU
		{5FF229B9-4E79-4C1B-B8B4-0ED5AD2823D3}.Debug|Any CPU.Build.0 = Debug|Any CPU
		{5FF229B9-4E79-4C1B-B8B4-0ED5AD2823D3}.Release|Any CPU.ActiveCfg = Release|Any CPU
		{5FF229B9-4E79-4C1B-B8B4-0ED5AD2823D3}.Release|Any CPU.Build.0 = Release|Any CPU
		{87D0B2DD-15F1-4B62-878E-85A665E2D051}.Debug|Any CPU.ActiveCfg = Debug|Any CPU
		{87D0B2DD-15F1-4B62-878E-85A665E2D051}.Release|Any CPU.ActiveCfg = Release|Any CPU
		{FA14BF96-6303-4F74-8C5F-0C450FEBE72D}.Debug|Any CPU.ActiveCfg = Debug|Any CPU
		{FA14BF96-6303-4F74-8C5F-0C450FEBE72D}.Debug|Any CPU.Build.0 = Debug|Any CPU
		{FA14BF96-6303-4F74-8C5F-0C450FEBE72D}.Release|Any CPU.ActiveCfg = Release|Any CPU
		{FA14BF96-6303-4F74-8C5F-0C450FEBE72D}.Release|Any CPU.Build.0 = Release|Any CPU
	EndGlobalSection
	GlobalSection(SolutionProperties) = preSolution
		HideSolutionNode = FALSE
	EndGlobalSection
	GlobalSection(NestedProjects) = preSolution
		{474C8CF3-1FBB-4507-9156-D5DC153F4EB8} = {AE37E1DA-5619-45C0-A086-2F2619503BCA}
		{426AF10E-B683-44C4-9849-FF8E14D3A3AD} = {A789F6C4-91DE-47A0-BD7E-E59562409BE7}
		{0ED3FC9D-7372-4828-AC1B-30DA740FCFC2} = {AE37E1DA-5619-45C0-A086-2F2619503BCA}
		{C3310F48-748F-4808-8AEC-1FEE09BFFE8E} = {EBF1CB73-BE8A-4E00-A964-1A3E59503A52}
		{CFFDB849-45FE-4D38-BE40-6F015BEC8BCB} = {EBF1CB73-BE8A-4E00-A964-1A3E59503A52}
		{5FF229B9-4E79-4C1B-B8B4-0ED5AD2823D3} = {EBF1CB73-BE8A-4E00-A964-1A3E59503A52}
		{87D0B2DD-15F1-4B62-878E-85A665E2D051} = {C90F6D79-DAD5-47F4-9638-23F9941C1C86}
		{FA14BF96-6303-4F74-8C5F-0C450FEBE72D} = {C90F6D79-DAD5-47F4-9638-23F9941C1C86}
	EndGlobalSection
EndGlobal
